// !$*UTF8*$!
{
	archiveVersion = 1;
	classes = {
	};
	objectVersion = 56;
	objects = {

/* Begin PBXBuildFile section */
		48F23CD329E469BA00A011E3 /* InstagramApp.swift in Sources */ = {isa = PBXBuildFile; fileRef = 48F23CD229E469BA00A011E3 /* InstagramApp.swift */; };
		48F23CD529E469BA00A011E3 /* ContentView.swift in Sources */ = {isa = PBXBuildFile; fileRef = 48F23CD429E469BA00A011E3 /* ContentView.swift */; };
		48F23CD729E469BA00A011E3 /* Assets.xcassets in Resources */ = {isa = PBXBuildFile; fileRef = 48F23CD629E469BA00A011E3 /* Assets.xcassets */; };
		48F23CDA29E469BA00A011E3 /* Preview Assets.xcassets in Resources */ = {isa = PBXBuildFile; fileRef = 48F23CD929E469BA00A011E3 /* Preview Assets.xcassets */; };
		48F23CE429E46B3500A011E3 /* ProfileModel.swift in Sources */ = {isa = PBXBuildFile; fileRef = 48F23CE329E46B3500A011E3 /* ProfileModel.swift */; };
		48F23CE629E46B4000A011E3 /* PostModel.swift in Sources */ = {isa = PBXBuildFile; fileRef = 48F23CE529E46B4000A011E3 /* PostModel.swift */; };
		48F23CE829E46E0100A011E3 /* CommentModel.swift in Sources */ = {isa = PBXBuildFile; fileRef = 48F23CE729E46E0100A011E3 /* CommentModel.swift */; };
		48F23CEA29E47B3B00A011E3 /* ProfileViewModel.swift in Sources */ = {isa = PBXBuildFile; fileRef = 48F23CE929E47B3B00A011E3 /* ProfileViewModel.swift */; };
		48F23CEC29E5048500A011E3 /* ContentViewModel.swift in Sources */ = {isa = PBXBuildFile; fileRef = 48F23CEB29E5048500A011E3 /* ContentViewModel.swift */; };
		48F23CEE29E5049600A011E3 /* PostViewModel.swift in Sources */ = {isa = PBXBuildFile; fileRef = 48F23CED29E5049600A011E3 /* PostViewModel.swift */; };
		48F23CF029E504A800A011E3 /* PostView.swift in Sources */ = {isa = PBXBuildFile; fileRef = 48F23CEF29E504A800A011E3 /* PostView.swift */; };
		48F23CF229E504B500A011E3 /* ProfileView.swift in Sources */ = {isa = PBXBuildFile; fileRef = 48F23CF129E504B500A011E3 /* ProfileView.swift */; };
/* End PBXBuildFile section */

/* Begin PBXFileReference section */
		48F23CCF29E469BA00A011E3 /* Instagram.app */ = {isa = PBXFileReference; explicitFileType = wrapper.application; includeInIndex = 0; path = Instagram.app; sourceTree = BUILT_PRODUCTS_DIR; };
		48F23CD229E469BA00A011E3 /* InstagramApp.swift */ = {isa = PBXFileReference; lastKnownFileType = sourcecode.swift; path = InstagramApp.swift; sourceTree = "<group>"; };
		48F23CD429E469BA00A011E3 /* ContentView.swift */ = {isa = PBXFileReference; lastKnownFileType = sourcecode.swift; path = ContentView.swift; sourceTree = "<group>"; };
		48F23CD629E469BA00A011E3 /* Assets.xcassets */ = {isa = PBXFileReference; lastKnownFileType = folder.assetcatalog; path = Assets.xcassets; sourceTree = "<group>"; };
		48F23CD929E469BA00A011E3 /* Preview Assets.xcassets */ = {isa = PBXFileReference; lastKnownFileType = folder.assetcatalog; path = "Preview Assets.xcassets"; sourceTree = "<group>"; };
		48F23CE329E46B3500A011E3 /* ProfileModel.swift */ = {isa = PBXFileReference; lastKnownFileType = sourcecode.swift; path = ProfileModel.swift; sourceTree = "<group>"; };
		48F23CE529E46B4000A011E3 /* PostModel.swift */ = {isa = PBXFileReference; lastKnownFileType = sourcecode.swift; path = PostModel.swift; sourceTree = "<group>"; };
		48F23CE729E46E0100A011E3 /* CommentModel.swift */ = {isa = PBXFileReference; lastKnownFileType = sourcecode.swift; path = CommentModel.swift; sourceTree = "<group>"; };
		48F23CE929E47B3B00A011E3 /* ProfileViewModel.swift */ = {isa = PBXFileReference; lastKnownFileType = sourcecode.swift; path = ProfileViewModel.swift; sourceTree = "<group>"; };
		48F23CEB29E5048500A011E3 /* ContentViewModel.swift */ = {isa = PBXFileReference; lastKnownFileType = sourcecode.swift; path = ContentViewModel.swift; sourceTree = "<group>"; };
		48F23CED29E5049600A011E3 /* PostViewModel.swift */ = {isa = PBXFileReference; lastKnownFileType = sourcecode.swift; path = PostViewModel.swift; sourceTree = "<group>"; };
		48F23CEF29E504A800A011E3 /* PostView.swift */ = {isa = PBXFileReference; lastKnownFileType = sourcecode.swift; path = PostView.swift; sourceTree = "<group>"; };
		48F23CF129E504B500A011E3 /* ProfileView.swift */ = {isa = PBXFileReference; lastKnownFileType = sourcecode.swift; path = ProfileView.swift; sourceTree = "<group>"; };
/* End PBXFileReference section */

/* Begin PBXFrameworksBuildPhase section */
		48F23CCC29E469BA00A011E3 /* Frameworks */ = {
			isa = PBXFrameworksBuildPhase;
			buildActionMask = 2147483647;
			files = (
			);
			runOnlyForDeploymentPostprocessing = 0;
		};
/* End PBXFrameworksBuildPhase section */

/* Begin PBXGroup section */
		48F23CC629E469B900A011E3 = {
			isa = PBXGroup;
			children = (
				48F23CD129E469BA00A011E3 /* Instagram */,
				48F23CD029E469BA00A011E3 /* Products */,
			);
			sourceTree = "<group>";
		};
		48F23CD029E469BA00A011E3 /* Products */ = {
			isa = PBXGroup;
			children = (
				48F23CCF29E469BA00A011E3 /* Instagram.app */,
			);
			name = Products;
			sourceTree = "<group>";
		};
		48F23CD129E469BA00A011E3 /* Instagram */ = {
			isa = PBXGroup;
			children = (
				48F23CD229E469BA00A011E3 /* InstagramApp.swift */,
				48F23CE029E46AB700A011E3 /* Views */,
				48F23CE129E46AC800A011E3 /* ViewModels */,
				48F23CE229E46AD600A011E3 /* Models */,
				48F23CD629E469BA00A011E3 /* Assets.xcassets */,
				48F23CD829E469BA00A011E3 /* Preview Content */,
			);
			path = Instagram;
			sourceTree = "<group>";
		};
		48F23CD829E469BA00A011E3 /* Preview Content */ = {
			isa = PBXGroup;
			children = (
				48F23CD929E469BA00A011E3 /* Preview Assets.xcassets */,
			);
			path = "Preview Content";
			sourceTree = "<group>";
		};
		48F23CE029E46AB700A011E3 /* Views */ = {
			isa = PBXGroup;
			children = (
				48F23CD429E469BA00A011E3 /* ContentView.swift */,
				48F23CEF29E504A800A011E3 /* PostView.swift */,
				48F23CF129E504B500A011E3 /* ProfileView.swift */,
			);
			path = Views;
			sourceTree = "<group>";
		};
		48F23CE129E46AC800A011E3 /* ViewModels */ = {
			isa = PBXGroup;
			children = (
				48F23CE929E47B3B00A011E3 /* ProfileViewModel.swift */,
				48F23CEB29E5048500A011E3 /* ContentViewModel.swift */,
				48F23CED29E5049600A011E3 /* PostViewModel.swift */,
			);
			path = ViewModels;
			sourceTree = "<group>";
		};
		48F23CE229E46AD600A011E3 /* Models */ = {
			isa = PBXGroup;
			children = (
				48F23CE329E46B3500A011E3 /* ProfileModel.swift */,
				48F23CE529E46B4000A011E3 /* PostModel.swift */,
				48F23CE729E46E0100A011E3 /* CommentModel.swift */,
			);
			path = Models;
			sourceTree = "<group>";
		};
/* End PBXGroup section */

/* Begin PBXNativeTarget section */
		48F23CCE29E469BA00A011E3 /* Instagram */ = {
			isa = PBXNativeTarget;
			buildConfigurationList = 48F23CDD29E469BA00A011E3 /* Build configuration list for PBXNativeTarget "Instagram" */;
			buildPhases = (
				48F23CCB29E469BA00A011E3 /* Sources */,
				48F23CCC29E469BA00A011E3 /* Frameworks */,
				48F23CCD29E469BA00A011E3 /* Resources */,
			);
			buildRules = (
			);
			dependencies = (
			);
			name = Instagram;
			productName = Instagram;
			productReference = 48F23CCF29E469BA00A011E3 /* Instagram.app */;
			productType = "com.apple.product-type.application";
		};
/* End PBXNativeTarget section */

/* Begin PBXProject section */
		48F23CC729E469B900A011E3 /* Project object */ = {
			isa = PBXProject;
			attributes = {
				BuildIndependentTargetsInParallel = 1;
				LastSwiftUpdateCheck = 1430;
				LastUpgradeCheck = 1430;
				TargetAttributes = {
					48F23CCE29E469BA00A011E3 = {
						CreatedOnToolsVersion = 14.3;
					};
				};
			};
			buildConfigurationList = 48F23CCA29E469B900A011E3 /* Build configuration list for PBXProject "Instagram" */;
			compatibilityVersion = "Xcode 14.0";
			developmentRegion = en;
			hasScannedForEncodings = 0;
			knownRegions = (
				en,
				Base,
			);
			mainGroup = 48F23CC629E469B900A011E3;
			productRefGroup = 48F23CD029E469BA00A011E3 /* Products */;
			projectDirPath = "";
			projectRoot = "";
			targets = (
				48F23CCE29E469BA00A011E3 /* Instagram */,
			);
		};
/* End PBXProject section */

/* Begin PBXResourcesBuildPhase section */
		48F23CCD29E469BA00A011E3 /* Resources */ = {
			isa = PBXResourcesBuildPhase;
			buildActionMask = 2147483647;
			files = (
				48F23CDA29E469BA00A011E3 /* Preview Assets.xcassets in Resources */,
				48F23CD729E469BA00A011E3 /* Assets.xcassets in Resources */,
			);
			runOnlyForDeploymentPostprocessing = 0;
		};
/* End PBXResourcesBuildPhase section */

/* Begin PBXSourcesBuildPhase section */
		48F23CCB29E469BA00A011E3 /* Sources */ = {
			isa = PBXSourcesBuildPhase;
			buildActionMask = 2147483647;
			files = (
				48F23CEE29E5049600A011E3 /* PostViewModel.swift in Sources */,
				48F23CEA29E47B3B00A011E3 /* ProfileViewModel.swift in Sources */,
				48F23CF229E504B500A011E3 /* ProfileView.swift in Sources */,
				48F23CE429E46B3500A011E3 /* ProfileModel.swift in Sources */,
				48F23CE629E46B4000A011E3 /* PostModel.swift in Sources */,
				48F23CEC29E5048500A011E3 /* ContentViewModel.swift in Sources */,
				48F23CE829E46E0100A011E3 /* CommentModel.swift in Sources */,
				48F23CD529E469BA00A011E3 /* ContentView.swift in Sources */,
				48F23CF029E504A800A011E3 /* PostView.swift in Sources */,
				48F23CD329E469BA00A011E3 /* InstagramApp.swift in Sources */,
			);
			runOnlyForDeploymentPostprocessing = 0;
		};
/* End PBXSourcesBuildPhase section */

/* Begin XCBuildConfiguration section */
		48F23CDB29E469BA00A011E3 /* Debug */ = {
			isa = XCBuildConfiguration;
			buildSettings = {
				ALWAYS_SEARCH_USER_PATHS = NO;
				CLANG_ANALYZER_NONNULL = YES;
				CLANG_ANALYZER_NUMBER_OBJECT_CONVERSION = YES_AGGRESSIVE;
				CLANG_CXX_LANGUAGE_STANDARD = "gnu++20";
				CLANG_ENABLE_MODULES = YES;
				CLANG_ENABLE_OBJC_ARC = YES;
				CLANG_ENABLE_OBJC_WEAK = YES;
				CLANG_WARN_BLOCK_CAPTURE_AUTORELEASING = YES;
				CLANG_WARN_BOOL_CONVERSION = YES;
				CLANG_WARN_COMMA = YES;
				CLANG_WARN_CONSTANT_CONVERSION = YES;
				CLANG_WARN_DEPRECATED_OBJC_IMPLEMENTATIONS = YES;
				CLANG_WARN_DIRECT_OBJC_ISA_USAGE = YES_ERROR;
				CLANG_WARN_DOCUMENTATION_COMMENTS = YES;
				CLANG_WARN_EMPTY_BODY = YES;
				CLANG_WARN_ENUM_CONVERSION = YES;
				CLANG_WARN_INFINITE_RECURSION = YES;
				CLANG_WARN_INT_CONVERSION = YES;
				CLANG_WARN_NON_LITERAL_NULL_CONVERSION = YES;
				CLANG_WARN_OBJC_IMPLICIT_RETAIN_SELF = YES;
				CLANG_WARN_OBJC_LITERAL_CONVERSION = YES;
				CLANG_WARN_OBJC_ROOT_CLASS = YES_ERROR;
				CLANG_WARN_QUOTED_INCLUDE_IN_FRAMEWORK_HEADER = YES;
				CLANG_WARN_RANGE_LOOP_ANALYSIS = YES;
				CLANG_WARN_STRICT_PROTOTYPES = YES;
				CLANG_WARN_SUSPICIOUS_MOVE = YES;
				CLANG_WARN_UNGUARDED_AVAILABILITY = YES_AGGRESSIVE;
				CLANG_WARN_UNREACHABLE_CODE = YES;
				CLANG_WARN__DUPLICATE_METHOD_MATCH = YES;
				COPY_PHASE_STRIP = NO;
				DEBUG_INFORMATION_FORMAT = dwarf;
				ENABLE_STRICT_OBJC_MSGSEND = YES;
				ENABLE_TESTABILITY = YES;
				GCC_C_LANGUAGE_STANDARD = gnu11;
				GCC_DYNAMIC_NO_PIC = NO;
				GCC_NO_COMMON_BLOCKS = YES;
				GCC_OPTIMIZATION_LEVEL = 0;
				GCC_PREPROCESSOR_DEFINITIONS = (
					"DEBUG=1",
					"$(inherited)",
				);
				GCC_WARN_64_TO_32_BIT_CONVERSION = YES;
				GCC_WARN_ABOUT_RETURN_TYPE = YES_ERROR;
				GCC_WARN_UNDECLARED_SELECTOR = YES;
				GCC_WARN_UNINITIALIZED_AUTOS = YES_AGGRESSIVE;
				GCC_WARN_UNUSED_FUNCTION = YES;
				GCC_WARN_UNUSED_VARIABLE = YES;
				IPHONEOS_DEPLOYMENT_TARGET = 16.4;
				MTL_ENABLE_DEBUG_INFO = INCLUDE_SOURCE;
				MTL_FAST_MATH = YES;
				ONLY_ACTIVE_ARCH = YES;
				SDKROOT = iphoneos;
				SWIFT_ACTIVE_COMPILATION_CONDITIONS = DEBUG;
				SWIFT_OPTIMIZATION_LEVEL = "-Onone";
			};
			name = Debug;
		};
		48F23CDC29E469BA00A011E3 /* Release */ = {
			isa = XCBuildConfiguration;
			buildSettings = {
				ALWAYS_SEARCH_USER_PATHS = NO;
				CLANG_ANALYZER_NONNULL = YES;
				CLANG_ANALYZER_NUMBER_OBJECT_CONVERSION = YES_AGGRESSIVE;
				CLANG_CXX_LANGUAGE_STANDARD = "gnu++20";
				CLANG_ENABLE_MODULES = YES;
				CLANG_ENABLE_OBJC_ARC = YES;
				CLANG_ENABLE_OBJC_WEAK = YES;
				CLANG_WARN_BLOCK_CAPTURE_AUTORELEASING = YES;
				CLANG_WARN_BOOL_CONVERSION = YES;
				CLANG_WARN_COMMA = YES;
				CLANG_WARN_CONSTANT_CONVERSION = YES;
				CLANG_WARN_DEPRECATED_OBJC_IMPLEMENTATIONS = YES;
				CLANG_WARN_DIRECT_OBJC_ISA_USAGE = YES_ERROR;
				CLANG_WARN_DOCUMENTATION_COMMENTS = YES;
				CLANG_WARN_EMPTY_BODY = YES;
				CLANG_WARN_ENUM_CONVERSION = YES;
				CLANG_WARN_INFINITE_RECURSION = YES;
				CLANG_WARN_INT_CONVERSION = YES;
				CLANG_WARN_NON_LITERAL_NULL_CONVERSION = YES;
				CLANG_WARN_OBJC_IMPLICIT_RETAIN_SELF = YES;
				CLANG_WARN_OBJC_LITERAL_CONVERSION = YES;
				CLANG_WARN_OBJC_ROOT_CLASS = YES_ERROR;
				CLANG_WARN_QUOTED_INCLUDE_IN_FRAMEWORK_HEADER = YES;
				CLANG_WARN_RANGE_LOOP_ANALYSIS = YES;
				CLANG_WARN_STRICT_PROTOTYPES = YES;
				CLANG_WARN_SUSPICIOUS_MOVE = YES;
				CLANG_WARN_UNGUARDED_AVAILABILITY = YES_AGGRESSIVE;
				CLANG_WARN_UNREACHABLE_CODE = YES;
				CLANG_WARN__DUPLICATE_METHOD_MATCH = YES;
				COPY_PHASE_STRIP = NO;
				DEBUG_INFORMATION_FORMAT = "dwarf-with-dsym";
				ENABLE_NS_ASSERTIONS = NO;
				ENABLE_STRICT_OBJC_MSGSEND = YES;
				GCC_C_LANGUAGE_STANDARD = gnu11;
				GCC_NO_COMMON_BLOCKS = YES;
				GCC_WARN_64_TO_32_BIT_CONVERSION = YES;
				GCC_WARN_ABOUT_RETURN_TYPE = YES_ERROR;
				GCC_WARN_UNDECLARED_SELECTOR = YES;
				GCC_WARN_UNINITIALIZED_AUTOS = YES_AGGRESSIVE;
				GCC_WARN_UNUSED_FUNCTION = YES;
				GCC_WARN_UNUSED_VARIABLE = YES;
				IPHONEOS_DEPLOYMENT_TARGET = 16.4;
				MTL_ENABLE_DEBUG_INFO = NO;
				MTL_FAST_MATH = YES;
				SDKROOT = iphoneos;
				SWIFT_COMPILATION_MODE = wholemodule;
				SWIFT_OPTIMIZATION_LEVEL = "-O";
				VALIDATE_PRODUCT = YES;
			};
			name = Release;
		};
		48F23CDE29E469BA00A011E3 /* Debug */ = {
			isa = XCBuildConfiguration;
			buildSettings = {
				ASSETCATALOG_COMPILER_APPICON_NAME = AppIcon;
				ASSETCATALOG_COMPILER_GLOBAL_ACCENT_COLOR_NAME = AccentColor;
				CODE_SIGN_STYLE = Automatic;
				CURRENT_PROJECT_VERSION = 1;
				DEVELOPMENT_ASSET_PATHS = "\"Instagram/Preview Content\"";
				DEVELOPMENT_TEAM = JF3C4XP9N2;
				ENABLE_PREVIEWS = YES;
				GENERATE_INFOPLIST_FILE = YES;
				INFOPLIST_KEY_UIApplicationSceneManifest_Generation = YES;
				INFOPLIST_KEY_UIApplicationSupportsIndirectInputEvents = YES;
				INFOPLIST_KEY_UILaunchScreen_Generation = YES;
				INFOPLIST_KEY_UISupportedInterfaceOrientations_iPad = "UIInterfaceOrientationPortrait UIInterfaceOrientationPortraitUpsideDown UIInterfaceOrientationLandscapeLeft UIInterfaceOrientationLandscapeRight";
				INFOPLIST_KEY_UISupportedInterfaceOrientations_iPhone = "UIInterfaceOrientationPortrait UIInterfaceOrientationLandscapeLeft UIInterfaceOrientationLandscapeRight";
				LD_RUNPATH_SEARCH_PATHS = (
					"$(inherited)",
					"@executable_path/Frameworks",
				);
				MARKETING_VERSION = 1.0;
				PRODUCT_BUNDLE_IDENTIFIER = me.jacobbrown.Instagram;
				PRODUCT_NAME = "$(TARGET_NAME)";
				SWIFT_EMIT_LOC_STRINGS = YES;
				SWIFT_VERSION = 5.0;
				TARGETED_DEVICE_FAMILY = "1,2";
			};
			name = Debug;
		};
		48F23CDF29E469BA00A011E3 /* Release */ = {
			isa = XCBuildConfiguration;
			buildSettings = {
				ASSETCATALOG_COMPILER_APPICON_NAME = AppIcon;
				ASSETCATALOG_COMPILER_GLOBAL_ACCENT_COLOR_NAME = AccentColor;
				CODE_SIGN_STYLE = Automatic;
				CURRENT_PROJECT_VERSION = 1;
				DEVELOPMENT_ASSET_PATHS = "\"Instagram/Preview Content\"";
				DEVELOPMENT_TEAM = JF3C4XP9N2;
				ENABLE_PREVIEWS = YES;
				GENERATE_INFOPLIST_FILE = YES;
				INFOPLIST_KEY_UIApplicationSceneManifest_Generation = YES;
				INFOPLIST_KEY_UIApplicationSupportsIndirectInputEvents = YES;
				INFOPLIST_KEY_UILaunchScreen_Generation = YES;
				INFOPLIST_KEY_UISupportedInterfaceOrientations_iPad = "UIInterfaceOrientationPortrait UIInterfaceOrientationPortraitUpsideDown UIInterfaceOrientationLandscapeLeft UIInterfaceOrientationLandscapeRight";
				INFOPLIST_KEY_UISupportedInterfaceOrientations_iPhone = "UIInterfaceOrientationPortrait UIInterfaceOrientationLandscapeLeft UIInterfaceOrientationLandscapeRight";
				LD_RUNPATH_SEARCH_PATHS = (
					"$(inherited)",
					"@executable_path/Frameworks",
				);
				MARKETING_VERSION = 1.0;
				PRODUCT_BUNDLE_IDENTIFIER = me.jacobbrown.Instagram;
				PRODUCT_NAME = "$(TARGET_NAME)";
				SWIFT_EMIT_LOC_STRINGS = YES;
				SWIFT_VERSION = 5.0;
				TARGETED_DEVICE_FAMILY = "1,2";
			};
			name = Release;
		};
/* End XCBuildConfiguration section */

/* Begin XCConfigurationList section */
		48F23CCA29E469B900A011E3 /* Build configuration list for PBXProject "Instagram" */ = {
			isa = XCConfigurationList;
			buildConfigurations = (
				48F23CDB29E469BA00A011E3 /* Debug */,
				48F23CDC29E469BA00A011E3 /* Release */,
			);
			defaultConfigurationIsVisible = 0;
			defaultConfigurationName = Release;
		};
		48F23CDD29E469BA00A011E3 /* Build configuration list for PBXNativeTarget "Instagram" */ = {
			isa = XCConfigurationList;
			buildConfigurations = (
				48F23CDE29E469BA00A011E3 /* Debug */,
				48F23CDF29E469BA00A011E3 /* Release */,
			);
			defaultConfigurationIsVisible = 0;
			defaultConfigurationName = Release;
		};
/* End XCConfigurationList section */
	};
	rootObject = 48F23CC729E469B900A011E3 /* Project object */;
}
